
Microsoft Visual Studio Solution File, Format Version 12.00
# Visual Studio Version 17
VisualStudioVersion = 17.8.34408.163
MinimumVisualStudioVersion = 10.0.40219.1
Project("{FAE04EC0-301F-11D3-BF4B-00C04F79EFBC}") = "SequenciaDeFibonacci", "SequenciaDeFibonacci.csproj", "{5B579C6E-E03A-491A-A77D-CD5A509B3B51}"
EndProject
Global
	GlobalSection(SolutionConfigurationPlatforms) = preSolution
		Debug|Any CPU = Debug|Any CPU
		Release|Any CPU = Release|Any CPU
	EndGlobalSection
	GlobalSection(ProjectConfigurationPlatforms) = postSolution
		{5B579C6E-E03A-491A-A77D-CD5A509B3B51}.Debug|Any CPU.ActiveCfg = Debug|Any CPU
		{5B579C6E-E03A-491A-A77D-CD5A509B3B51}.Debug|Any CPU.Build.0 = Debug|Any CPU
		{5B579C6E-E03A-491A-A77D-CD5A509B3B51}.Release|Any CPU.ActiveCfg = Release|Any CPU
		{5B579C6E-E03A-491A-A77D-CD5A509B3B51}.Release|Any CPU.Build.0 = Release|Any CPU
	EndGlobalSection
	GlobalSection(SolutionProperties) = preSolution
		HideSolutionNode = FALSE
	EndGlobalSection
	GlobalSection(ExtensibilityGlobals) = postSolution
		SolutionGuid = {FA6ECFFB-C98E-4123-8990-BD57A817743A}
	EndGlobalSection
EndGlobal
